
Microsoft Visual Studio Solution File, Format Version 12.00
# Visual Studio Version 17
VisualStudioVersion = 17.1.32210.238
MinimumVisualStudioVersion = 10.0.40219.1
Project("{FAE04EC0-301F-11D3-BF4B-00C04F79EFBC}") = "DOTNET - POO", "DOTNET - POO\DOTNET - POO.csproj", "{CE03CAA7-8A8E-4225-8EC3-82FC4269A047}"
EndProject
Global
	GlobalSection(SolutionConfigurationPlatforms) = preSolution
		Debug|Any CPU = Debug|Any CPU
		Release|Any CPU = Release|Any CPU
	EndGlobalSection
	GlobalSection(ProjectConfigurationPlatforms) = postSolution
		{CE03CAA7-8A8E-4225-8EC3-82FC4269A047}.Debug|Any CPU.ActiveCfg = Debug|Any CPU
		{CE03CAA7-8A8E-4225-8EC3-82FC4269A047}.Debug|Any CPU.Build.0 = Debug|Any CPU
		{CE03CAA7-8A8E-4225-8EC3-82FC4269A047}.Release|Any CPU.ActiveCfg = Release|Any CPU
		{CE03CAA7-8A8E-4225-8EC3-82FC4269A047}.Release|Any CPU.Build.0 = Release|Any CPU
	EndGlobalSection
	GlobalSection(SolutionProperties) = preSolution
		HideSolutionNode = FALSE
	EndGlobalSection
	GlobalSection(ExtensibilityGlobals) = postSolution
		SolutionGuid = {DCE340F1-B22C-4B21-9F05-BA31BACD08A7}
	EndGlobalSection
EndGlobal
